// !$*UTF8*$!
{
	archiveVersion = 1;
	classes = {
	};
	objectVersion = 46;
	objects = {

/* Begin PBXBuildFile section */
		26BA800214E6B7230096EFD8 /* Foundation.framework in Frameworks */ = {isa = PBXBuildFile; fileRef = 26BA800114E6B7230096EFD8 /* Foundation.framework */; };
		26BA800414E6B7230096EFD8 /* UIKit.framework in Frameworks */ = {isa = PBXBuildFile; fileRef = 26BA800314E6B7230096EFD8 /* UIKit.framework */; };
		26BA800F14E6B7230096EFD8 /* balanceController.m in Sources */ = {isa = PBXBuildFile; fileRef = 26BA800E14E6B7230096EFD8 /* balanceController.m */; };
/* End PBXBuildFile section */

/* Begin PBXFileReference section */
		26BA7FFE14E6B7230096EFD8 /* balance */ = {isa = PBXFileReference; explicitFileType = "compiled.mach-o.dylib"; includeInIndex = 0; path = balance; sourceTree = BUILT_PRODUCTS_DIR; };
		26BA800114E6B7230096EFD8 /* Foundation.framework */ = {isa = PBXFileReference; lastKnownFileType = wrapper.framework; name = Foundation.framework; path = System/Library/Frameworks/Foundation.framework; sourceTree = SDKROOT; };
		26BA800314E6B7230096EFD8 /* UIKit.framework */ = {isa = PBXFileReference; lastKnownFileType = wrapper.framework; name = UIKit.framework; path = System/Library/Frameworks/UIKit.framework; sourceTree = SDKROOT; };
		26BA800914E6B7230096EFD8 /* control */ = {isa = PBXFileReference; lastKnownFileType = text; name = control; path = Package/DEBIAN/control; sourceTree = "<group>"; };
		26BA800B14E6B7230096EFD8 /* PackageVersion.plist */ = {isa = PBXFileReference; lastKnownFileType = text.plist.xml; path = PackageVersion.plist; sourceTree = "<group>"; };
		26BA800C14E6B7230096EFD8 /* balance-Prefix.pch */ = {isa = PBXFileReference; lastKnownFileType = sourcecode.c.h; path = "balance-Prefix.pch"; sourceTree = "<group>"; };
		26BA800D14E6B7230096EFD8 /* balanceController.h */ = {isa = PBXFileReference; lastKnownFileType = sourcecode.c.h; path = balanceController.h; sourceTree = "<group>"; };
		26BA800E14E6B7230096EFD8 /* balanceController.m */ = {isa = PBXFileReference; lastKnownFileType = sourcecode.c.objc; path = balanceController.m; sourceTree = "<group>"; };
		26BA801414E6B7230096EFD8 /* Info.plist */ = {isa = PBXFileReference; lastKnownFileType = text.plist.xml; name = Info.plist; path = Package/System/Library/WeeAppPlugins/balance.bundle/Info.plist; sourceTree = "<group>"; };
		26BA801514E6B7230096EFD8 /* InfoPlist.strings */ = {isa = PBXFileReference; lastKnownFileType = text.plist.strings; name = InfoPlist.strings; path = Package/System/Library/WeeAppPlugins/balance.bundle/InfoPlist.strings; sourceTree = "<group>"; };
		26BA801614E6B7230096EFD8 /* WeeAppBackground@2x.png */ = {isa = PBXFileReference; lastKnownFileType = image.png; name = "WeeAppBackground@2x.png"; path = "Package/System/Library/WeeAppPlugins/balance.bundle/WeeAppBackground@2x.png"; sourceTree = "<group>"; };
		26BA801714E6B7230096EFD8 /* WeeAppBackground.png */ = {isa = PBXFileReference; lastKnownFileType = image.png; name = WeeAppBackground.png; path = Package/System/Library/WeeAppPlugins/balance.bundle/WeeAppBackground.png; sourceTree = "<group>"; };
/* End PBXFileReference section */

/* Begin PBXFrameworksBuildPhase section */
		26BA7FFA14E6B7230096EFD8 /* Frameworks */ = {
			isa = PBXFrameworksBuildPhase;
			buildActionMask = 2147483647;
			files = (
				26BA800214E6B7230096EFD8 /* Foundation.framework in Frameworks */,
				26BA800414E6B7230096EFD8 /* UIKit.framework in Frameworks */,
			);
			runOnlyForDeploymentPostprocessing = 0;
		};
/* End PBXFrameworksBuildPhase section */

/* Begin PBXGroup section */
		26BA7FF214E6B7230096EFD8 = {
			isa = PBXGroup;
			children = (
				26BA800514E6B7230096EFD8 /* balance */,
				26BA800014E6B7230096EFD8 /* Frameworks */,
				26BA7FFF14E6B7230096EFD8 /* Products */,
			);
			sourceTree = "<group>";
		};
		26BA7FFF14E6B7230096EFD8 /* Products */ = {
			isa = PBXGroup;
			children = (
				26BA7FFE14E6B7230096EFD8 /* balance */,
			);
			name = Products;
			sourceTree = "<group>";
		};
		26BA800014E6B7230096EFD8 /* Frameworks */ = {
			isa = PBXGroup;
			children = (
				26BA800114E6B7230096EFD8 /* Foundation.framework */,
				26BA800314E6B7230096EFD8 /* UIKit.framework */,
			);
			name = Frameworks;
			sourceTree = "<group>";
		};
		26BA800514E6B7230096EFD8 /* balance */ = {
			isa = PBXGroup;
			children = (
				26BA800D14E6B7230096EFD8 /* balanceController.h */,
				26BA800E14E6B7230096EFD8 /* balanceController.m */,
				26BA800614E6B7230096EFD8 /* Package */,
				26BA800A14E6B7230096EFD8 /* Supporting Files */,
			);
			path = balance;
			sourceTree = "<group>";
		};
		26BA800614E6B7230096EFD8 /* Package */ = {
			isa = PBXGroup;
			children = (
				26BA800714E6B7230096EFD8 /* DEBIAN */,
				26BA801014E6B7230096EFD8 /* System */,
			);
			name = Package;
			sourceTree = "<group>";
		};
		26BA800714E6B7230096EFD8 /* DEBIAN */ = {
			isa = PBXGroup;
			children = (
				26BA800914E6B7230096EFD8 /* control */,
			);
			name = DEBIAN;
			sourceTree = "<group>";
		};
		26BA800A14E6B7230096EFD8 /* Supporting Files */ = {
			isa = PBXGroup;
			children = (
				26BA800B14E6B7230096EFD8 /* PackageVersion.plist */,
				26BA800C14E6B7230096EFD8 /* balance-Prefix.pch */,
			);
			name = "Supporting Files";
			sourceTree = "<group>";
		};
		26BA801014E6B7230096EFD8 /* System */ = {
			isa = PBXGroup;
			children = (
				26BA801114E6B7230096EFD8 /* Library */,
			);
			name = System;
			sourceTree = "<group>";
		};
		26BA801114E6B7230096EFD8 /* Library */ = {
			isa = PBXGroup;
			children = (
				26BA801214E6B7230096EFD8 /* WeeAppPlugins */,
			);
			name = Library;
			sourceTree = "<group>";
		};
		26BA801214E6B7230096EFD8 /* WeeAppPlugins */ = {
			isa = PBXGroup;
			children = (
				26BA801314E6B7230096EFD8 /* ___PACKAGENAME___ */,
			);
			name = WeeAppPlugins;
			sourceTree = "<group>";
		};
		26BA801314E6B7230096EFD8 /* ___PACKAGENAME___ */ = {
			isa = PBXGroup;
			children = (
				26BA801414E6B7230096EFD8 /* Info.plist */,
				26BA801514E6B7230096EFD8 /* InfoPlist.strings */,
				26BA801614E6B7230096EFD8 /* WeeAppBackground@2x.png */,
				26BA801714E6B7230096EFD8 /* WeeAppBackground.png */,
			);
			name = "___PACKAGENAME___";
			sourceTree = "<group>";
		};
/* End PBXGroup section */

/* Begin PBXHeadersBuildPhase section */
		26BA7FFB14E6B7230096EFD8 /* Headers */ = {
			isa = PBXHeadersBuildPhase;
			buildActionMask = 2147483647;
			files = (
			);
			runOnlyForDeploymentPostprocessing = 0;
		};
/* End PBXHeadersBuildPhase section */

/* Begin PBXNativeTarget section */
		26BA7FFD14E6B7230096EFD8 /* balance */ = {
			isa = PBXNativeTarget;
			buildConfigurationList = 26BA801A14E6B7230096EFD8 /* Build configuration list for PBXNativeTarget "balance" */;
			buildPhases = (
				26BA7FF914E6B7230096EFD8 /* Sources */,
				26BA7FFA14E6B7230096EFD8 /* Frameworks */,
				26BA7FFB14E6B7230096EFD8 /* Headers */,
				26BA7FFC14E6B7230096EFD8 /* ShellScript */,
			);
			buildRules = (
			);
			dependencies = (
			);
			name = balance;
			productName = balance;
			productReference = 26BA7FFE14E6B7230096EFD8 /* balance */;
			productType = "com.apple.product-type.library.dynamic";
		};
/* End PBXNativeTarget section */

/* Begin PBXProject section */
		26BA7FF414E6B7230096EFD8 /* Project object */ = {
			isa = PBXProject;
			attributes = {
				LastUpgradeCheck = 0420;
			};
			buildConfigurationList = 26BA7FF714E6B7230096EFD8 /* Build configuration list for PBXProject "balance" */;
			compatibilityVersion = "Xcode 3.2";
			developmentRegion = English;
			hasScannedForEncodings = 0;
			knownRegions = (
				en,
			);
			mainGroup = 26BA7FF214E6B7230096EFD8;
			productRefGroup = 26BA7FFF14E6B7230096EFD8 /* Products */;
			projectDirPath = "";
			projectRoot = "";
			targets = (
				26BA7FFD14E6B7230096EFD8 /* balance */,
			);
		};
/* End PBXProject section */

/* Begin PBXShellScriptBuildPhase section */
		26BA7FFC14E6B7230096EFD8 /* ShellScript */ = {
			isa = PBXShellScriptBuildPhase;
			buildActionMask = 2147483647;
			files = (
			);
			inputPaths = (
			);
			outputPaths = (
			);
			runOnlyForDeploymentPostprocessing = 0;
			shellPath = /bin/sh;
			shellScript = "/opt/iOSOpenDev/bin/iosod --xcbp";
		};
/* End PBXShellScriptBuildPhase section */

/* Begin PBXSourcesBuildPhase section */
		26BA7FF914E6B7230096EFD8 /* Sources */ = {
			isa = PBXSourcesBuildPhase;
			buildActionMask = 2147483647;
			files = (
				26BA800F14E6B7230096EFD8 /* balanceController.m in Sources */,
			);
			runOnlyForDeploymentPostprocessing = 0;
		};
/* End PBXSourcesBuildPhase section */

/* Begin XCBuildConfiguration section */
		26BA801814E6B7230096EFD8 /* Release */ = {
			isa = XCBuildConfiguration;
			buildSettings = {
				ARCHS = "$(ARCHS_STANDARD_32_BIT)";
				COPY_PHASE_STRIP = YES;
				EXCLUDED_RECURSIVE_SEARCH_PATH_SUBDIRECTORIES = "*.nib *.lproj *.gch (*) .DS_Store CVS .svn .git .hg *.xcodeproj *.xcode *.pbproj *.pbxproj";
				GCC_C_LANGUAGE_STANDARD = gnu99;
				GCC_VERSION = com.apple.compilers.llvm.clang.1_0;
				GCC_WARN_ABOUT_MISSING_PROTOTYPES = YES;
				GCC_WARN_ABOUT_RETURN_TYPE = YES;
				GCC_WARN_UNUSED_VARIABLE = YES;
				HEADER_SEARCH_PATHS = "$(iOSOpenDevPath)/include/**";
				IPHONEOS_DEPLOYMENT_TARGET = 5.0;
				LIBRARY_SEARCH_PATHS = "$(iOSOpenDevPath)/lib/**";
				SDKROOT = iphoneos;
				TARGETED_DEVICE_FAMILY = "1,2";
				VALIDATE_PRODUCT = YES;
				iOSOpenDevPath = /opt/iOSOpenDev;
			};
			name = Release;
		};
		26BA801914E6B7230096EFD8 /* Debug */ = {
			isa = XCBuildConfiguration;
			buildSettings = {
				ARCHS = "$(ARCHS_STANDARD_32_BIT)";
				COPY_PHASE_STRIP = NO;
				EXCLUDED_RECURSIVE_SEARCH_PATH_SUBDIRECTORIES = "*.nib *.lproj *.gch (*) .DS_Store CVS .svn .git .hg *.xcodeproj *.xcode *.pbproj *.pbxproj";
				GCC_C_LANGUAGE_STANDARD = gnu99;
				GCC_DYNAMIC_NO_PIC = NO;
				GCC_OPTIMIZATION_LEVEL = 0;
				GCC_PREPROCESSOR_DEFINITIONS = (
					"DEBUG=1",
					"$(inherited)",
				);
				GCC_SYMBOLS_PRIVATE_EXTERN = NO;
				GCC_VERSION = com.apple.compilers.llvm.clang.1_0;
				GCC_WARN_ABOUT_MISSING_PROTOTYPES = YES;
				GCC_WARN_ABOUT_RETURN_TYPE = YES;
				GCC_WARN_UNUSED_VARIABLE = YES;
				HEADER_SEARCH_PATHS = "$(iOSOpenDevPath)/include/**";
				IPHONEOS_DEPLOYMENT_TARGET = 5.0;
				LIBRARY_SEARCH_PATHS = "$(iOSOpenDevPath)/lib/**";
				SDKROOT = iphoneos;
				TARGETED_DEVICE_FAMILY = "1,2";
				VALIDATE_PRODUCT = NO;
				iOSOpenDevPath = /opt/iOSOpenDev;
			};
			name = Debug;
		};
		26BA801B14E6B7230096EFD8 /* Release */ = {
			isa = XCBuildConfiguration;
			buildSettings = {
				DYLIB_COMPATIBILITY_VERSION = 1;
				DYLIB_CURRENT_VERSION = 1;
				EXECUTABLE_EXTENSION = "";
				EXECUTABLE_NAME = balance;
				GCC_PRECOMPILE_PREFIX_HEADER = YES;
				GCC_PREFIX_HEADER = "balance/balance-Prefix.pch";
				INSTALL_PATH = /System/Library/WeeAppPlugins/balance.bundle;
				PRODUCT_NAME = "$(TARGET_NAME)";
				iOSOpenDevCopyOnBuild = NO;
				iOSOpenDevDevice = "";
				iOSOpenDevInstallOnAnyBuild = NO;
				iOSOpenDevInstallOnProfiling = NO;
				iOSOpenDevRespringOnInstall = NO;
				iOSOpenDevUsePackageVersionPList = YES;
			};
			name = Release;
		};
		26BA801C14E6B7230096EFD8 /* Debug */ = {
			isa = XCBuildConfiguration;
			buildSettings = {
				DYLIB_COMPATIBILITY_VERSION = 1;
				DYLIB_CURRENT_VERSION = 1;
				EXECUTABLE_EXTENSION = "";
				EXECUTABLE_NAME = balance;
				GCC_PRECOMPILE_PREFIX_HEADER = YES;
				GCC_PREFIX_HEADER = "balance/balance-Prefix.pch";
				INSTALL_PATH = /System/Library/WeeAppPlugins/balance.bundle;
				PRODUCT_NAME = "$(TARGET_NAME)";
				iOSOpenDevCopyOnBuild = NO;
				iOSOpenDevDevice = "";
				iOSOpenDevInstallOnAnyBuild = NO;
				iOSOpenDevInstallOnProfiling = NO;
				iOSOpenDevRespringOnInstall = NO;
				iOSOpenDevUsePackageVersionPList = YES;
			};
			name = Debug;
		};
/* End XCBuildConfiguration section */

/* Begin XCConfigurationList section */
		26BA7FF714E6B7230096EFD8 /* Build configuration list for PBXProject "balance" */ = {
			isa = XCConfigurationList;
			buildConfigurations = (
				26BA801814E6B7230096EFD8 /* Release */,
				26BA801914E6B7230096EFD8 /* Debug */,
			);
			defaultConfigurationIsVisible = 0;
			defaultConfigurationName = Release;
		};
		26BA801A14E6B7230096EFD8 /* Build configuration list for PBXNativeTarget "balance" */ = {
			isa = XCConfigurationList;
			buildConfigurations = (
				26BA801B14E6B7230096EFD8 /* Release */,
				26BA801C14E6B7230096EFD8 /* Debug */,
			);
			defaultConfigurationIsVisible = 0;
			defaultConfigurationName = Release;
		};
/* End XCConfigurationList section */
	};
	rootObject = 26BA7FF414E6B7230096EFD8 /* Project object */;
}
